// !$*UTF8*$!
{
	archiveVersion = 1;
	classes = {
	};
	objectVersion = 52;
	objects = {

/* Begin PBXBuildFile section */
		D54A748F245FB65A00D9C817 /* AppDelegate.swift in Sources */ = {isa = PBXBuildFile; fileRef = D54A748E245FB65A00D9C817 /* AppDelegate.swift */; };
		D54A7491245FB65A00D9C817 /* SceneDelegate.swift in Sources */ = {isa = PBXBuildFile; fileRef = D54A7490245FB65A00D9C817 /* SceneDelegate.swift */; };
		D54A7493245FB65A00D9C817 /* ViewController.swift in Sources */ = {isa = PBXBuildFile; fileRef = D54A7492245FB65A00D9C817 /* ViewController.swift */; };
		D54A7499245FB65A00D9C817 /* gyazokit.xcdatamodeld in Sources */ = {isa = PBXBuildFile; fileRef = D54A7497245FB65A00D9C817 /* gyazokit.xcdatamodeld */; };
		D54A749B245FB65F00D9C817 /* Assets.xcassets in Resources */ = {isa = PBXBuildFile; fileRef = D54A749A245FB65F00D9C817 /* Assets.xcassets */; };
		D54A749E245FB65F00D9C817 /* LaunchScreen.storyboard in Resources */ = {isa = PBXBuildFile; fileRef = D54A749C245FB65F00D9C817 /* LaunchScreen.storyboard */; };
		D54A74A9245FB65F00D9C817 /* gyazokitTests.swift in Sources */ = {isa = PBXBuildFile; fileRef = D54A74A8245FB65F00D9C817 /* gyazokitTests.swift */; };
		D54A74B5245FC1DD00D9C817 /* OAuth2 in Frameworks */ = {isa = PBXBuildFile; productRef = D54A74B4245FC1DD00D9C817 /* OAuth2 */; };
		D54A74B8245FC1EF00D9C817 /* KeychainAccess in Frameworks */ = {isa = PBXBuildFile; productRef = D54A74B7245FC1EF00D9C817 /* KeychainAccess */; };
		D54A74BC245FC22500D9C817 /* AuthManager.swift in Sources */ = {isa = PBXBuildFile; fileRef = D54A74BB245FC22500D9C817 /* AuthManager.swift */; };
		D54A74BF245FC2C000D9C817 /* AuthInfo.swift in Sources */ = {isa = PBXBuildFile; fileRef = D54A74BE245FC2C000D9C817 /* AuthInfo.swift */; };
		D54A74C8245FC5E700D9C817 /* image.json in Resources */ = {isa = PBXBuildFile; fileRef = D54A74C7245FC5E700D9C817 /* image.json */; };
		D54A74CA245FC5F600D9C817 /* images.json in Resources */ = {isa = PBXBuildFile; fileRef = D54A74C9245FC5F600D9C817 /* images.json */; };
		D54A74CC245FC64100D9C817 /* KeychainManager.swift in Sources */ = {isa = PBXBuildFile; fileRef = D54A74CB245FC64100D9C817 /* KeychainManager.swift */; };
		D54A74CF2460827D00D9C817 /* PasswordType.swift in Sources */ = {isa = PBXBuildFile; fileRef = D54A74CE2460827D00D9C817 /* PasswordType.swift */; };
		D54A74D12460829100D9C817 /* PasswordKey.swift in Sources */ = {isa = PBXBuildFile; fileRef = D54A74D02460829100D9C817 /* PasswordKey.swift */; };
		D54A74D42460A55E00D9C817 /* Notification+Ext.swift in Sources */ = {isa = PBXBuildFile; fileRef = D54A74D32460A55E00D9C817 /* Notification+Ext.swift */; };
		D54A74D72460B2F900D9C817 /* LoginViewController.swift in Sources */ = {isa = PBXBuildFile; fileRef = D54A74D62460B2F900D9C817 /* LoginViewController.swift */; };
		D54A74DA2460B30700D9C817 /* LoginView.swift in Sources */ = {isa = PBXBuildFile; fileRef = D54A74D92460B30700D9C817 /* LoginView.swift */; };
		D54A74DD2460B33600D9C817 /* SnapKit in Frameworks */ = {isa = PBXBuildFile; productRef = D54A74DC2460B33600D9C817 /* SnapKit */; };
		D54A74DF2460B35200D9C817 /* GradientBackgroundLayer.swift in Sources */ = {isa = PBXBuildFile; fileRef = D54A74DE2460B35200D9C817 /* GradientBackgroundLayer.swift */; };
		D54A74E22460B3BF00D9C817 /* Hue in Frameworks */ = {isa = PBXBuildFile; productRef = D54A74E12460B3BF00D9C817 /* Hue */; };
		D54A74E52460BC7500D9C817 /* StackViewBuilder.swift in Sources */ = {isa = PBXBuildFile; fileRef = D54A74E42460BC7500D9C817 /* StackViewBuilder.swift */; };
		D54A74E72460BE6B00D9C817 /* ButtonBuilder.swift in Sources */ = {isa = PBXBuildFile; fileRef = D54A74E62460BE6B00D9C817 /* ButtonBuilder.swift */; };
		D54A74EA2460BF7100D9C817 /* UIFont+.swift in Sources */ = {isa = PBXBuildFile; fileRef = D54A74E92460BF7100D9C817 /* UIFont+.swift */; };
		D54A74ED2460C1BD00D9C817 /* UIColor+.swift in Sources */ = {isa = PBXBuildFile; fileRef = D54A74EC2460C1BD00D9C817 /* UIColor+.swift */; };
		D54A74EF2460C2BE00D9C817 /* LabelBuilder.swift in Sources */ = {isa = PBXBuildFile; fileRef = D54A74EE2460C2BE00D9C817 /* LabelBuilder.swift */; };
		D54A74F12460C40A00D9C817 /* LoginViewDelegate.swift in Sources */ = {isa = PBXBuildFile; fileRef = D54A74F02460C40A00D9C817 /* LoginViewDelegate.swift */; };
		D54A74F92460DCE700D9C817 /* gyazokitUITests.swift in Sources */ = {isa = PBXBuildFile; fileRef = D54A74F82460DCE700D9C817 /* gyazokitUITests.swift */; };
		D54A75012460E3CB00D9C817 /* Authorizable.swift in Sources */ = {isa = PBXBuildFile; fileRef = D54A75002460E3CB00D9C817 /* Authorizable.swift */; };
		D54A75032462396700D9C817 /* Secret.swift in Sources */ = {isa = PBXBuildFile; fileRef = D54A75022462396700D9C817 /* Secret.swift */; };
/* End PBXBuildFile section */

/* Begin PBXContainerItemProxy section */
		D54A74A5245FB65F00D9C817 /* PBXContainerItemProxy */ = {
			isa = PBXContainerItemProxy;
			containerPortal = D54A7483245FB65A00D9C817 /* Project object */;
			proxyType = 1;
			remoteGlobalIDString = D54A748A245FB65A00D9C817;
			remoteInfo = gyazokit;
		};
		D54A74FB2460DCE700D9C817 /* PBXContainerItemProxy */ = {
			isa = PBXContainerItemProxy;
			containerPortal = D54A7483245FB65A00D9C817 /* Project object */;
			proxyType = 1;
			remoteGlobalIDString = D54A748A245FB65A00D9C817;
			remoteInfo = gyazokit;
		};
/* End PBXContainerItemProxy section */

/* Begin PBXFileReference section */
		D54A748B245FB65A00D9C817 /* gyazokit.app */ = {isa = PBXFileReference; explicitFileType = wrapper.application; includeInIndex = 0; path = gyazokit.app; sourceTree = BUILT_PRODUCTS_DIR; };
		D54A748E245FB65A00D9C817 /* AppDelegate.swift */ = {isa = PBXFileReference; lastKnownFileType = sourcecode.swift; path = AppDelegate.swift; sourceTree = "<group>"; };
		D54A7490245FB65A00D9C817 /* SceneDelegate.swift */ = {isa = PBXFileReference; lastKnownFileType = sourcecode.swift; path = SceneDelegate.swift; sourceTree = "<group>"; };
		D54A7492245FB65A00D9C817 /* ViewController.swift */ = {isa = PBXFileReference; lastKnownFileType = sourcecode.swift; path = ViewController.swift; sourceTree = "<group>"; };
		D54A7498245FB65A00D9C817 /* gyazokit.xcdatamodel */ = {isa = PBXFileReference; lastKnownFileType = wrapper.xcdatamodel; path = gyazokit.xcdatamodel; sourceTree = "<group>"; };
		D54A749A245FB65F00D9C817 /* Assets.xcassets */ = {isa = PBXFileReference; lastKnownFileType = folder.assetcatalog; path = Assets.xcassets; sourceTree = "<group>"; };
		D54A749D245FB65F00D9C817 /* Base */ = {isa = PBXFileReference; lastKnownFileType = file.storyboard; name = Base; path = Base.lproj/LaunchScreen.storyboard; sourceTree = "<group>"; };
		D54A749F245FB65F00D9C817 /* Info.plist */ = {isa = PBXFileReference; lastKnownFileType = text.plist.xml; path = Info.plist; sourceTree = "<group>"; };
		D54A74A4245FB65F00D9C817 /* gyazokitTests.xctest */ = {isa = PBXFileReference; explicitFileType = wrapper.cfbundle; includeInIndex = 0; path = gyazokitTests.xctest; sourceTree = BUILT_PRODUCTS_DIR; };
		D54A74A8245FB65F00D9C817 /* gyazokitTests.swift */ = {isa = PBXFileReference; lastKnownFileType = sourcecode.swift; path = gyazokitTests.swift; sourceTree = "<group>"; };
		D54A74AA245FB65F00D9C817 /* Info.plist */ = {isa = PBXFileReference; lastKnownFileType = text.plist.xml; path = Info.plist; sourceTree = "<group>"; };
		D54A74BB245FC22500D9C817 /* AuthManager.swift */ = {isa = PBXFileReference; lastKnownFileType = sourcecode.swift; path = AuthManager.swift; sourceTree = "<group>"; };
		D54A74BE245FC2C000D9C817 /* AuthInfo.swift */ = {isa = PBXFileReference; lastKnownFileType = sourcecode.swift; path = AuthInfo.swift; sourceTree = "<group>"; };
		D54A74C7245FC5E700D9C817 /* image.json */ = {isa = PBXFileReference; lastKnownFileType = text.json; path = image.json; sourceTree = "<group>"; };
		D54A74C9245FC5F600D9C817 /* images.json */ = {isa = PBXFileReference; lastKnownFileType = text.json; path = images.json; sourceTree = "<group>"; };
		D54A74CB245FC64100D9C817 /* KeychainManager.swift */ = {isa = PBXFileReference; lastKnownFileType = sourcecode.swift; path = KeychainManager.swift; sourceTree = "<group>"; };
		D54A74CE2460827D00D9C817 /* PasswordType.swift */ = {isa = PBXFileReference; lastKnownFileType = sourcecode.swift; path = PasswordType.swift; sourceTree = "<group>"; };
		D54A74D02460829100D9C817 /* PasswordKey.swift */ = {isa = PBXFileReference; lastKnownFileType = sourcecode.swift; path = PasswordKey.swift; sourceTree = "<group>"; };
		D54A74D32460A55E00D9C817 /* Notification+Ext.swift */ = {isa = PBXFileReference; lastKnownFileType = sourcecode.swift; path = "Notification+Ext.swift"; sourceTree = "<group>"; };
		D54A74D62460B2F900D9C817 /* LoginViewController.swift */ = {isa = PBXFileReference; lastKnownFileType = sourcecode.swift; path = LoginViewController.swift; sourceTree = "<group>"; };
		D54A74D92460B30700D9C817 /* LoginView.swift */ = {isa = PBXFileReference; lastKnownFileType = sourcecode.swift; path = LoginView.swift; sourceTree = "<group>"; };
		D54A74DE2460B35200D9C817 /* GradientBackgroundLayer.swift */ = {isa = PBXFileReference; lastKnownFileType = sourcecode.swift; path = GradientBackgroundLayer.swift; sourceTree = "<group>"; };
		D54A74E42460BC7500D9C817 /* StackViewBuilder.swift */ = {isa = PBXFileReference; lastKnownFileType = sourcecode.swift; path = StackViewBuilder.swift; sourceTree = "<group>"; };
		D54A74E62460BE6B00D9C817 /* ButtonBuilder.swift */ = {isa = PBXFileReference; lastKnownFileType = sourcecode.swift; path = ButtonBuilder.swift; sourceTree = "<group>"; };
		D54A74E92460BF7100D9C817 /* UIFont+.swift */ = {isa = PBXFileReference; lastKnownFileType = sourcecode.swift; path = "UIFont+.swift"; sourceTree = "<group>"; };
		D54A74EC2460C1BD00D9C817 /* UIColor+.swift */ = {isa = PBXFileReference; lastKnownFileType = sourcecode.swift; path = "UIColor+.swift"; sourceTree = "<group>"; };
		D54A74EE2460C2BE00D9C817 /* LabelBuilder.swift */ = {isa = PBXFileReference; lastKnownFileType = sourcecode.swift; path = LabelBuilder.swift; sourceTree = "<group>"; };
		D54A74F02460C40A00D9C817 /* LoginViewDelegate.swift */ = {isa = PBXFileReference; lastKnownFileType = sourcecode.swift; path = LoginViewDelegate.swift; sourceTree = "<group>"; };
		D54A74F62460DCE700D9C817 /* gyazokitUITests.xctest */ = {isa = PBXFileReference; explicitFileType = wrapper.cfbundle; includeInIndex = 0; path = gyazokitUITests.xctest; sourceTree = BUILT_PRODUCTS_DIR; };
		D54A74F82460DCE700D9C817 /* gyazokitUITests.swift */ = {isa = PBXFileReference; lastKnownFileType = sourcecode.swift; path = gyazokitUITests.swift; sourceTree = "<group>"; };
		D54A74FA2460DCE700D9C817 /* Info.plist */ = {isa = PBXFileReference; lastKnownFileType = text.plist.xml; path = Info.plist; sourceTree = "<group>"; };
		D54A75002460E3CB00D9C817 /* Authorizable.swift */ = {isa = PBXFileReference; lastKnownFileType = sourcecode.swift; path = Authorizable.swift; sourceTree = "<group>"; };
		D54A75022462396700D9C817 /* Secret.swift */ = {isa = PBXFileReference; lastKnownFileType = sourcecode.swift; path = Secret.swift; sourceTree = "<group>"; };
/* End PBXFileReference section */

/* Begin PBXFrameworksBuildPhase section */
		D54A7488245FB65A00D9C817 /* Frameworks */ = {
			isa = PBXFrameworksBuildPhase;
			buildActionMask = 2147483647;
			files = (
				D54A74DD2460B33600D9C817 /* SnapKit in Frameworks */,
				D54A74E22460B3BF00D9C817 /* Hue in Frameworks */,
				D54A74B8245FC1EF00D9C817 /* KeychainAccess in Frameworks */,
				D54A74B5245FC1DD00D9C817 /* OAuth2 in Frameworks */,
			);
			runOnlyForDeploymentPostprocessing = 0;
		};
		D54A74A1245FB65F00D9C817 /* Frameworks */ = {
			isa = PBXFrameworksBuildPhase;
			buildActionMask = 2147483647;
			files = (
			);
			runOnlyForDeploymentPostprocessing = 0;
		};
		D54A74F32460DCE700D9C817 /* Frameworks */ = {
			isa = PBXFrameworksBuildPhase;
			buildActionMask = 2147483647;
			files = (
			);
			runOnlyForDeploymentPostprocessing = 0;
		};
/* End PBXFrameworksBuildPhase section */

/* Begin PBXGroup section */
		D54A7482245FB65A00D9C817 = {
			isa = PBXGroup;
			children = (
				D54A748D245FB65A00D9C817 /* gyazokit */,
				D54A74A7245FB65F00D9C817 /* gyazokitTests */,
				D54A74F72460DCE700D9C817 /* gyazokitUITests */,
				D54A748C245FB65A00D9C817 /* Products */,
			);
			sourceTree = "<group>";
		};
		D54A748C245FB65A00D9C817 /* Products */ = {
			isa = PBXGroup;
			children = (
				D54A748B245FB65A00D9C817 /* gyazokit.app */,
				D54A74A4245FB65F00D9C817 /* gyazokitTests.xctest */,
				D54A74F62460DCE700D9C817 /* gyazokitUITests.xctest */,
			);
			name = Products;
			sourceTree = "<group>";
		};
		D54A748D245FB65A00D9C817 /* gyazokit */ = {
			isa = PBXGroup;
			children = (
				D54A74C5245FC5B000D9C817 /* App */,
				D54A74C3245FC59C00D9C817 /* Controller */,
				D54A74C2245FC59600D9C817 /* View */,
				D54A74C1245FC58C00D9C817 /* Model */,
				D54A74B9245FC21100D9C817 /* Layers */,
				D54A749A245FB65F00D9C817 /* Assets.xcassets */,
				D54A749C245FB65F00D9C817 /* LaunchScreen.storyboard */,
				D54A749F245FB65F00D9C817 /* Info.plist */,
				D54A7497245FB65A00D9C817 /* gyazokit.xcdatamodeld */,
			);
			path = gyazokit;
			sourceTree = "<group>";
		};
		D54A74A7245FB65F00D9C817 /* gyazokitTests */ = {
			isa = PBXGroup;
			children = (
				D54A74A8245FB65F00D9C817 /* gyazokitTests.swift */,
				D54A74AA245FB65F00D9C817 /* Info.plist */,
			);
			path = gyazokitTests;
			sourceTree = "<group>";
		};
		D54A74B9245FC21100D9C817 /* Layers */ = {
			isa = PBXGroup;
			children = (
				D54A74E32460BC6000D9C817 /* View Builders */,
				D54A74D22460A55000D9C817 /* Notifications */,
				D54A74C0245FC58500D9C817 /* Authentication */,
				D54A74BA245FC21700D9C817 /* Security */,
			);
			path = Layers;
			sourceTree = "<group>";
		};
		D54A74BA245FC21700D9C817 /* Security */ = {
			isa = PBXGroup;
			children = (
				D54A74CD2460826800D9C817 /* Types */,
				D54A74CB245FC64100D9C817 /* KeychainManager.swift */,
			);
			path = Security;
			sourceTree = "<group>";
		};
		D54A74BD245FC29200D9C817 /* Types */ = {
			isa = PBXGroup;
			children = (
				D54A75002460E3CB00D9C817 /* Authorizable.swift */,
				D54A74BE245FC2C000D9C817 /* AuthInfo.swift */,
			);
			path = Types;
			sourceTree = "<group>";
		};
		D54A74C0245FC58500D9C817 /* Authentication */ = {
			isa = PBXGroup;
			children = (
				D54A74BD245FC29200D9C817 /* Types */,
				D54A74BB245FC22500D9C817 /* AuthManager.swift */,
			);
			path = Authentication;
			sourceTree = "<group>";
		};
		D54A74C1245FC58C00D9C817 /* Model */ = {
			isa = PBXGroup;
			children = (
				D54A74C6245FC5C700D9C817 /* Stubs */,
			);
			path = Model;
			sourceTree = "<group>";
		};
		D54A74C2245FC59600D9C817 /* View */ = {
			isa = PBXGroup;
			children = (
				D54A74DE2460B35200D9C817 /* GradientBackgroundLayer.swift */,
				D54A74D82460B2FE00D9C817 /* Login */,
			);
			path = View;
			sourceTree = "<group>";
		};
		D54A74C3245FC59C00D9C817 /* Controller */ = {
			isa = PBXGroup;
			children = (
				D54A74C4245FC5A600D9C817 /* Stub */,
				D54A74D52460B2EC00D9C817 /* Login */,
			);
			path = Controller;
			sourceTree = "<group>";
		};
		D54A74C4245FC5A600D9C817 /* Stub */ = {
			isa = PBXGroup;
			children = (
				D54A7492245FB65A00D9C817 /* ViewController.swift */,
			);
			path = Stub;
			sourceTree = "<group>";
		};
		D54A74C5245FC5B000D9C817 /* App */ = {
			isa = PBXGroup;
			children = (
				D54A74E82460BF6500D9C817 /* UIKit */,
				D54A748E245FB65A00D9C817 /* AppDelegate.swift */,
				D54A7490245FB65A00D9C817 /* SceneDelegate.swift */,
			);
			path = App;
			sourceTree = "<group>";
		};
		D54A74C6245FC5C700D9C817 /* Stubs */ = {
			isa = PBXGroup;
			children = (
				D54A74C7245FC5E700D9C817 /* image.json */,
				D54A74C9245FC5F600D9C817 /* images.json */,
			);
			path = Stubs;
			sourceTree = "<group>";
		};
		D54A74CD2460826800D9C817 /* Types */ = {
			isa = PBXGroup;
			children = (
				D54A74CE2460827D00D9C817 /* PasswordType.swift */,
				D54A74D02460829100D9C817 /* PasswordKey.swift */,
				D54A75022462396700D9C817 /* Secret.swift */,
			);
			path = Types;
			sourceTree = "<group>";
		};
		D54A74D22460A55000D9C817 /* Notifications */ = {
			isa = PBXGroup;
			children = (
				D54A74D32460A55E00D9C817 /* Notification+Ext.swift */,
			);
			path = Notifications;
			sourceTree = "<group>";
		};
		D54A74D52460B2EC00D9C817 /* Login */ = {
			isa = PBXGroup;
			children = (
				D54A74D62460B2F900D9C817 /* LoginViewController.swift */,
			);
			path = Login;
			sourceTree = "<group>";
		};
		D54A74D82460B2FE00D9C817 /* Login */ = {
			isa = PBXGroup;
			children = (
				D54A74D92460B30700D9C817 /* LoginView.swift */,
				D54A74F02460C40A00D9C817 /* LoginViewDelegate.swift */,
			);
			path = Login;
			sourceTree = "<group>";
		};
		D54A74E32460BC6000D9C817 /* View Builders */ = {
			isa = PBXGroup;
			children = (
				D54A74E42460BC7500D9C817 /* StackViewBuilder.swift */,
				D54A74E62460BE6B00D9C817 /* ButtonBuilder.swift */,
				D54A74EE2460C2BE00D9C817 /* LabelBuilder.swift */,
			);
			path = "View Builders";
			sourceTree = "<group>";
		};
		D54A74E82460BF6500D9C817 /* UIKit */ = {
			isa = PBXGroup;
			children = (
				D54A74EB2460C1B300D9C817 /* Colors */,
				D54A74E92460BF7100D9C817 /* UIFont+.swift */,
			);
			path = UIKit;
			sourceTree = "<group>";
		};
		D54A74EB2460C1B300D9C817 /* Colors */ = {
			isa = PBXGroup;
			children = (
				D54A74EC2460C1BD00D9C817 /* UIColor+.swift */,
			);
			path = Colors;
			sourceTree = "<group>";
		};
		D54A74F72460DCE700D9C817 /* gyazokitUITests */ = {
			isa = PBXGroup;
			children = (
				D54A74F82460DCE700D9C817 /* gyazokitUITests.swift */,
				D54A74FA2460DCE700D9C817 /* Info.plist */,
			);
			path = gyazokitUITests;
			sourceTree = "<group>";
		};
/* End PBXGroup section */

/* Begin PBXNativeTarget section */
		D54A748A245FB65A00D9C817 /* gyazokit */ = {
			isa = PBXNativeTarget;
			buildConfigurationList = D54A74AD245FB65F00D9C817 /* Build configuration list for PBXNativeTarget "gyazokit" */;
			buildPhases = (
				D54A7487245FB65A00D9C817 /* Sources */,
				D54A7488245FB65A00D9C817 /* Frameworks */,
				D54A7489245FB65A00D9C817 /* Resources */,
			);
			buildRules = (
			);
			dependencies = (
			);
			name = gyazokit;
			packageProductDependencies = (
				D54A74B4245FC1DD00D9C817 /* OAuth2 */,
				D54A74B7245FC1EF00D9C817 /* KeychainAccess */,
				D54A74DC2460B33600D9C817 /* SnapKit */,
				D54A74E12460B3BF00D9C817 /* Hue */,
			);
			productName = gyazokit;
			productReference = D54A748B245FB65A00D9C817 /* gyazokit.app */;
			productType = "com.apple.product-type.application";
		};
		D54A74A3245FB65F00D9C817 /* gyazokitTests */ = {
			isa = PBXNativeTarget;
			buildConfigurationList = D54A74B0245FB65F00D9C817 /* Build configuration list for PBXNativeTarget "gyazokitTests" */;
			buildPhases = (
				D54A74A0245FB65F00D9C817 /* Sources */,
				D54A74A1245FB65F00D9C817 /* Frameworks */,
				D54A74A2245FB65F00D9C817 /* Resources */,
			);
			buildRules = (
			);
			dependencies = (
				D54A74A6245FB65F00D9C817 /* PBXTargetDependency */,
			);
			name = gyazokitTests;
			productName = gyazokitTests;
			productReference = D54A74A4245FB65F00D9C817 /* gyazokitTests.xctest */;
			productType = "com.apple.product-type.bundle.unit-test";
		};
		D54A74F52460DCE700D9C817 /* gyazokitUITests */ = {
			isa = PBXNativeTarget;
			buildConfigurationList = D54A74FF2460DCE700D9C817 /* Build configuration list for PBXNativeTarget "gyazokitUITests" */;
			buildPhases = (
				D54A74F22460DCE700D9C817 /* Sources */,
				D54A74F32460DCE700D9C817 /* Frameworks */,
				D54A74F42460DCE700D9C817 /* Resources */,
			);
			buildRules = (
			);
			dependencies = (
				D54A74FC2460DCE700D9C817 /* PBXTargetDependency */,
			);
			name = gyazokitUITests;
			productName = gyazokitUITests;
			productReference = D54A74F62460DCE700D9C817 /* gyazokitUITests.xctest */;
			productType = "com.apple.product-type.bundle.ui-testing";
		};
/* End PBXNativeTarget section */

/* Begin PBXProject section */
		D54A7483245FB65A00D9C817 /* Project object */ = {
			isa = PBXProject;
			attributes = {
				LastSwiftUpdateCheck = 1130;
				LastUpgradeCheck = 1130;
				ORGANIZATIONNAME = "Markim Shaw";
				TargetAttributes = {
					D54A748A245FB65A00D9C817 = {
						CreatedOnToolsVersion = 11.3;
					};
					D54A74A3245FB65F00D9C817 = {
						CreatedOnToolsVersion = 11.3;
						TestTargetID = D54A748A245FB65A00D9C817;
					};
					D54A74F52460DCE700D9C817 = {
						CreatedOnToolsVersion = 11.3;
						TestTargetID = D54A748A245FB65A00D9C817;
					};
				};
			};
			buildConfigurationList = D54A7486245FB65A00D9C817 /* Build configuration list for PBXProject "gyazokit" */;
			compatibilityVersion = "Xcode 9.3";
			developmentRegion = en;
			hasScannedForEncodings = 0;
			knownRegions = (
				en,
				Base,
			);
			mainGroup = D54A7482245FB65A00D9C817;
			packageReferences = (
				D54A74B3245FC1DD00D9C817 /* XCRemoteSwiftPackageReference "Oauth2" */,
				D54A74B6245FC1EF00D9C817 /* XCRemoteSwiftPackageReference "KeychainAccess" */,
				D54A74DB2460B33600D9C817 /* XCRemoteSwiftPackageReference "SnapKit" */,
				D54A74E02460B3BF00D9C817 /* XCRemoteSwiftPackageReference "Hue" */,
			);
			productRefGroup = D54A748C245FB65A00D9C817 /* Products */;
			projectDirPath = "";
			projectRoot = "";
			targets = (
				D54A748A245FB65A00D9C817 /* gyazokit */,
				D54A74A3245FB65F00D9C817 /* gyazokitTests */,
				D54A74F52460DCE700D9C817 /* gyazokitUITests */,
			);
		};
/* End PBXProject section */

/* Begin PBXResourcesBuildPhase section */
		D54A7489245FB65A00D9C817 /* Resources */ = {
			isa = PBXResourcesBuildPhase;
			buildActionMask = 2147483647;
			files = (
				D54A74C8245FC5E700D9C817 /* image.json in Resources */,
				D54A74CA245FC5F600D9C817 /* images.json in Resources */,
				D54A749E245FB65F00D9C817 /* LaunchScreen.storyboard in Resources */,
				D54A749B245FB65F00D9C817 /* Assets.xcassets in Resources */,
			);
			runOnlyForDeploymentPostprocessing = 0;
		};
		D54A74A2245FB65F00D9C817 /* Resources */ = {
			isa = PBXResourcesBuildPhase;
			buildActionMask = 2147483647;
			files = (
			);
			runOnlyForDeploymentPostprocessing = 0;
		};
		D54A74F42460DCE700D9C817 /* Resources */ = {
			isa = PBXResourcesBuildPhase;
			buildActionMask = 2147483647;
			files = (
			);
			runOnlyForDeploymentPostprocessing = 0;
		};
/* End PBXResourcesBuildPhase section */

/* Begin PBXSourcesBuildPhase section */
		D54A7487245FB65A00D9C817 /* Sources */ = {
			isa = PBXSourcesBuildPhase;
			buildActionMask = 2147483647;
			files = (
				D54A7493245FB65A00D9C817 /* ViewController.swift in Sources */,
				D54A74CC245FC64100D9C817 /* KeychainManager.swift in Sources */,
				D54A74D42460A55E00D9C817 /* Notification+Ext.swift in Sources */,
				D54A74E52460BC7500D9C817 /* StackViewBuilder.swift in Sources */,
				D54A74EF2460C2BE00D9C817 /* LabelBuilder.swift in Sources */,
				D54A74CF2460827D00D9C817 /* PasswordType.swift in Sources */,
				D54A74D12460829100D9C817 /* PasswordKey.swift in Sources */,
				D54A748F245FB65A00D9C817 /* AppDelegate.swift in Sources */,
				D54A74E72460BE6B00D9C817 /* ButtonBuilder.swift in Sources */,
				D54A74ED2460C1BD00D9C817 /* UIColor+.swift in Sources */,
				D54A74EA2460BF7100D9C817 /* UIFont+.swift in Sources */,
				D54A75032462396700D9C817 /* Secret.swift in Sources */,
				D54A74DA2460B30700D9C817 /* LoginView.swift in Sources */,
				D54A7491245FB65A00D9C817 /* SceneDelegate.swift in Sources */,
				D54A74DF2460B35200D9C817 /* GradientBackgroundLayer.swift in Sources */,
				D54A7499245FB65A00D9C817 /* gyazokit.xcdatamodeld in Sources */,
				D54A74F12460C40A00D9C817 /* LoginViewDelegate.swift in Sources */,
				D54A74BC245FC22500D9C817 /* AuthManager.swift in Sources */,
				D54A74BF245FC2C000D9C817 /* AuthInfo.swift in Sources */,
				D54A74D72460B2F900D9C817 /* LoginViewController.swift in Sources */,
				D54A75012460E3CB00D9C817 /* Authorizable.swift in Sources */,
			);
			runOnlyForDeploymentPostprocessing = 0;
		};
		D54A74A0245FB65F00D9C817 /* Sources */ = {
			isa = PBXSourcesBuildPhase;
			buildActionMask = 2147483647;
			files = (
				D54A74A9245FB65F00D9C817 /* gyazokitTests.swift in Sources */,
			);
			runOnlyForDeploymentPostprocessing = 0;
		};
		D54A74F22460DCE700D9C817 /* Sources */ = {
			isa = PBXSourcesBuildPhase;
			buildActionMask = 2147483647;
			files = (
				D54A74F92460DCE700D9C817 /* gyazokitUITests.swift in Sources */,
			);
			runOnlyForDeploymentPostprocessing = 0;
		};
/* End PBXSourcesBuildPhase section */

/* Begin PBXTargetDependency section */
		D54A74A6245FB65F00D9C817 /* PBXTargetDependency */ = {
			isa = PBXTargetDependency;
			target = D54A748A245FB65A00D9C817 /* gyazokit */;
			targetProxy = D54A74A5245FB65F00D9C817 /* PBXContainerItemProxy */;
		};
		D54A74FC2460DCE700D9C817 /* PBXTargetDependency */ = {
			isa = PBXTargetDependency;
			target = D54A748A245FB65A00D9C817 /* gyazokit */;
			targetProxy = D54A74FB2460DCE700D9C817 /* PBXContainerItemProxy */;
		};
/* End PBXTargetDependency section */

/* Begin PBXVariantGroup section */
		D54A749C245FB65F00D9C817 /* LaunchScreen.storyboard */ = {
			isa = PBXVariantGroup;
			children = (
				D54A749D245FB65F00D9C817 /* Base */,
			);
			name = LaunchScreen.storyboard;
			sourceTree = "<group>";
		};
/* End PBXVariantGroup section */

/* Begin XCBuildConfiguration section */
		D54A74AB245FB65F00D9C817 /* Debug */ = {
			isa = XCBuildConfiguration;
			buildSettings = {
				ALWAYS_SEARCH_USER_PATHS = NO;
				CLANG_ANALYZER_NONNULL = YES;
				CLANG_ANALYZER_NUMBER_OBJECT_CONVERSION = YES_AGGRESSIVE;
				CLANG_CXX_LANGUAGE_STANDARD = "gnu++14";
				CLANG_CXX_LIBRARY = "libc++";
				CLANG_ENABLE_MODULES = YES;
				CLANG_ENABLE_OBJC_ARC = YES;
				CLANG_ENABLE_OBJC_WEAK = YES;
				CLANG_WARN_BLOCK_CAPTURE_AUTORELEASING = YES;
				CLANG_WARN_BOOL_CONVERSION = YES;
				CLANG_WARN_COMMA = YES;
				CLANG_WARN_CONSTANT_CONVERSION = YES;
				CLANG_WARN_DEPRECATED_OBJC_IMPLEMENTATIONS = YES;
				CLANG_WARN_DIRECT_OBJC_ISA_USAGE = YES_ERROR;
				CLANG_WARN_DOCUMENTATION_COMMENTS = YES;
				CLANG_WARN_EMPTY_BODY = YES;
				CLANG_WARN_ENUM_CONVERSION = YES;
				CLANG_WARN_INFINITE_RECURSION = YES;
				CLANG_WARN_INT_CONVERSION = YES;
				CLANG_WARN_NON_LITERAL_NULL_CONVERSION = YES;
				CLANG_WARN_OBJC_IMPLICIT_RETAIN_SELF = YES;
				CLANG_WARN_OBJC_LITERAL_CONVERSION = YES;
				CLANG_WARN_OBJC_ROOT_CLASS = YES_ERROR;
				CLANG_WARN_RANGE_LOOP_ANALYSIS = YES;
				CLANG_WARN_STRICT_PROTOTYPES = YES;
				CLANG_WARN_SUSPICIOUS_MOVE = YES;
				CLANG_WARN_UNGUARDED_AVAILABILITY = YES_AGGRESSIVE;
				CLANG_WARN_UNREACHABLE_CODE = YES;
				CLANG_WARN__DUPLICATE_METHOD_MATCH = YES;
				COPY_PHASE_STRIP = NO;
				DEBUG_INFORMATION_FORMAT = dwarf;
				ENABLE_STRICT_OBJC_MSGSEND = YES;
				ENABLE_TESTABILITY = YES;
				GCC_C_LANGUAGE_STANDARD = gnu11;
				GCC_DYNAMIC_NO_PIC = NO;
				GCC_NO_COMMON_BLOCKS = YES;
				GCC_OPTIMIZATION_LEVEL = 0;
				GCC_PREPROCESSOR_DEFINITIONS = (
					"DEBUG=1",
					"$(inherited)",
				);
				GCC_WARN_64_TO_32_BIT_CONVERSION = YES;
				GCC_WARN_ABOUT_RETURN_TYPE = YES_ERROR;
				GCC_WARN_UNDECLARED_SELECTOR = YES;
				GCC_WARN_UNINITIALIZED_AUTOS = YES_AGGRESSIVE;
				GCC_WARN_UNUSED_FUNCTION = YES;
				GCC_WARN_UNUSED_VARIABLE = YES;
				IPHONEOS_DEPLOYMENT_TARGET = 13.2;
				MTL_ENABLE_DEBUG_INFO = INCLUDE_SOURCE;
				MTL_FAST_MATH = YES;
				ONLY_ACTIVE_ARCH = YES;
				SDKROOT = iphoneos;
				SWIFT_ACTIVE_COMPILATION_CONDITIONS = DEBUG;
				SWIFT_OPTIMIZATION_LEVEL = "-Onone";
			};
			name = Debug;
		};
		D54A74AC245FB65F00D9C817 /* Release */ = {
			isa = XCBuildConfiguration;
			buildSettings = {
				ALWAYS_SEARCH_USER_PATHS = NO;
				CLANG_ANALYZER_NONNULL = YES;
				CLANG_ANALYZER_NUMBER_OBJECT_CONVERSION = YES_AGGRESSIVE;
				CLANG_CXX_LANGUAGE_STANDARD = "gnu++14";
				CLANG_CXX_LIBRARY = "libc++";
				CLANG_ENABLE_MODULES = YES;
				CLANG_ENABLE_OBJC_ARC = YES;
				CLANG_ENABLE_OBJC_WEAK = YES;
				CLANG_WARN_BLOCK_CAPTURE_AUTORELEASING = YES;
				CLANG_WARN_BOOL_CONVERSION = YES;
				CLANG_WARN_COMMA = YES;
				CLANG_WARN_CONSTANT_CONVERSION = YES;
				CLANG_WARN_DEPRECATED_OBJC_IMPLEMENTATIONS = YES;
				CLANG_WARN_DIRECT_OBJC_ISA_USAGE = YES_ERROR;
				CLANG_WARN_DOCUMENTATION_COMMENTS = YES;
				CLANG_WARN_EMPTY_BODY = YES;
				CLANG_WARN_ENUM_CONVERSION = YES;
				CLANG_WARN_INFINITE_RECURSION = YES;
				CLANG_WARN_INT_CONVERSION = YES;
				CLANG_WARN_NON_LITERAL_NULL_CONVERSION = YES;
				CLANG_WARN_OBJC_IMPLICIT_RETAIN_SELF = YES;
				CLANG_WARN_OBJC_LITERAL_CONVERSION = YES;
				CLANG_WARN_OBJC_ROOT_CLASS = YES_ERROR;
				CLANG_WARN_RANGE_LOOP_ANALYSIS = YES;
				CLANG_WARN_STRICT_PROTOTYPES = YES;
				CLANG_WARN_SUSPICIOUS_MOVE = YES;
				CLANG_WARN_UNGUARDED_AVAILABILITY = YES_AGGRESSIVE;
				CLANG_WARN_UNREACHABLE_CODE = YES;
				CLANG_WARN__DUPLICATE_METHOD_MATCH = YES;
				COPY_PHASE_STRIP = NO;
				DEBUG_INFORMATION_FORMAT = "dwarf-with-dsym";
				ENABLE_NS_ASSERTIONS = NO;
				ENABLE_STRICT_OBJC_MSGSEND = YES;
				GCC_C_LANGUAGE_STANDARD = gnu11;
				GCC_NO_COMMON_BLOCKS = YES;
				GCC_WARN_64_TO_32_BIT_CONVERSION = YES;
				GCC_WARN_ABOUT_RETURN_TYPE = YES_ERROR;
				GCC_WARN_UNDECLARED_SELECTOR = YES;
				GCC_WARN_UNINITIALIZED_AUTOS = YES_AGGRESSIVE;
				GCC_WARN_UNUSED_FUNCTION = YES;
				GCC_WARN_UNUSED_VARIABLE = YES;
				IPHONEOS_DEPLOYMENT_TARGET = 13.2;
				MTL_ENABLE_DEBUG_INFO = NO;
				MTL_FAST_MATH = YES;
				SDKROOT = iphoneos;
				SWIFT_COMPILATION_MODE = wholemodule;
				SWIFT_OPTIMIZATION_LEVEL = "-O";
				VALIDATE_PRODUCT = YES;
			};
			name = Release;
		};
		D54A74AE245FB65F00D9C817 /* Debug */ = {
			isa = XCBuildConfiguration;
			buildSettings = {
				ASSETCATALOG_COMPILER_APPICON_NAME = AppIcon;
				CODE_SIGN_STYLE = Automatic;
				DEVELOPMENT_TEAM = 2W3P634BS8;
				INFOPLIST_FILE = gyazokit/Info.plist;
				LD_RUNPATH_SEARCH_PATHS = (
					"$(inherited)",
					"@executable_path/Frameworks",
				);
				PRODUCT_BUNDLE_IDENTIFIER = com.donderapps.gyazokit;
				PRODUCT_NAME = "$(TARGET_NAME)";
				SWIFT_VERSION = 5.0;
				TARGETED_DEVICE_FAMILY = 1;
			};
			name = Debug;
		};
		D54A74AF245FB65F00D9C817 /* Release */ = {
			isa = XCBuildConfiguration;
			buildSettings = {
				ASSETCATALOG_COMPILER_APPICON_NAME = AppIcon;
				CODE_SIGN_STYLE = Automatic;
				DEVELOPMENT_TEAM = 2W3P634BS8;
				INFOPLIST_FILE = gyazokit/Info.plist;
				LD_RUNPATH_SEARCH_PATHS = (
					"$(inherited)",
					"@executable_path/Frameworks",
				);
				PRODUCT_BUNDLE_IDENTIFIER = com.donderapps.gyazokit;
				PRODUCT_NAME = "$(TARGET_NAME)";
				SWIFT_VERSION = 5.0;
				TARGETED_DEVICE_FAMILY = 1;
			};
			name = Release;
		};
		D54A74B1245FB65F00D9C817 /* Debug */ = {
			isa = XCBuildConfiguration;
			buildSettings = {
				ALWAYS_EMBED_SWIFT_STANDARD_LIBRARIES = YES;
				BUNDLE_LOADER = "$(TEST_HOST)";
				CODE_SIGN_STYLE = Automatic;
				DEVELOPMENT_TEAM = 2W3P634BS8;
				INFOPLIST_FILE = gyazokitTests/Info.plist;
				IPHONEOS_DEPLOYMENT_TARGET = 13.2;
				LD_RUNPATH_SEARCH_PATHS = (
					"$(inherited)",
					"@executable_path/Frameworks",
					"@loader_path/Frameworks",
				);
				PRODUCT_BUNDLE_IDENTIFIER = com.donderapps.gyazokitTests;
				PRODUCT_NAME = "$(TARGET_NAME)";
				SWIFT_VERSION = 5.0;
				TARGETED_DEVICE_FAMILY = "1,2";
				TEST_HOST = "$(BUILT_PRODUCTS_DIR)/gyazokit.app/gyazokit";
			};
			name = Debug;
		};
		D54A74B2245FB65F00D9C817 /* Release */ = {
			isa = XCBuildConfiguration;
			buildSettings = {
				ALWAYS_EMBED_SWIFT_STANDARD_LIBRARIES = YES;
				BUNDLE_LOADER = "$(TEST_HOST)";
				CODE_SIGN_STYLE = Automatic;
				DEVELOPMENT_TEAM = 2W3P634BS8;
				INFOPLIST_FILE = gyazokitTests/Info.plist;
				IPHONEOS_DEPLOYMENT_TARGET = 13.2;
				LD_RUNPATH_SEARCH_PATHS = (
					"$(inherited)",
					"@executable_path/Frameworks",
					"@loader_path/Frameworks",
				);
				PRODUCT_BUNDLE_IDENTIFIER = com.donderapps.gyazokitTests;
				PRODUCT_NAME = "$(TARGET_NAME)";
				SWIFT_VERSION = 5.0;
				TARGETED_DEVICE_FAMILY = "1,2";
				TEST_HOST = "$(BUILT_PRODUCTS_DIR)/gyazokit.app/gyazokit";
			};
			name = Release;
		};
		D54A74FD2460DCE700D9C817 /* Debug */ = {
			isa = XCBuildConfiguration;
			buildSettings = {
				CODE_SIGN_STYLE = Automatic;
				DEVELOPMENT_TEAM = 2W3P634BS8;
				INFOPLIST_FILE = gyazokitUITests/Info.plist;
				LD_RUNPATH_SEARCH_PATHS = (
					"$(inherited)",
					"@executable_path/Frameworks",
					"@loader_path/Frameworks",
				);
				PRODUCT_BUNDLE_IDENTIFIER = com.donderapps.gyazokitUITests;
				PRODUCT_NAME = "$(TARGET_NAME)";
				SWIFT_VERSION = 5.0;
				TARGETED_DEVICE_FAMILY = "1,2";
				TEST_TARGET_NAME = gyazokit;
			};
			name = Debug;
		};
		D54A74FE2460DCE700D9C817 /* Release */ = {
			isa = XCBuildConfiguration;
			buildSettings = {
				CODE_SIGN_STYLE = Automatic;
				DEVELOPMENT_TEAM = 2W3P634BS8;
				INFOPLIST_FILE = gyazokitUITests/Info.plist;
				LD_RUNPATH_SEARCH_PATHS = (
					"$(inherited)",
					"@executable_path/Frameworks",
					"@loader_path/Frameworks",
				);
				PRODUCT_BUNDLE_IDENTIFIER = com.donderapps.gyazokitUITests;
				PRODUCT_NAME = "$(TARGET_NAME)";
				SWIFT_VERSION = 5.0;
				TARGETED_DEVICE_FAMILY = "1,2";
				TEST_TARGET_NAME = gyazokit;
			};
			name = Release;
		};
/* End XCBuildConfiguration section */

/* Begin XCConfigurationList section */
		D54A7486245FB65A00D9C817 /* Build configuration list for PBXProject "gyazokit" */ = {
			isa = XCConfigurationList;
			buildConfigurations = (
				D54A74AB245FB65F00D9C817 /* Debug */,
				D54A74AC245FB65F00D9C817 /* Release */,
			);
			defaultConfigurationIsVisible = 0;
			defaultConfigurationName = Release;
		};
		D54A74AD245FB65F00D9C817 /* Build configuration list for PBXNativeTarget "gyazokit" */ = {
			isa = XCConfigurationList;
			buildConfigurations = (
				D54A74AE245FB65F00D9C817 /* Debug */,
				D54A74AF245FB65F00D9C817 /* Release */,
			);
			defaultConfigurationIsVisible = 0;
			defaultConfigurationName = Release;
		};
		D54A74B0245FB65F00D9C817 /* Build configuration list for PBXNativeTarget "gyazokitTests" */ = {
			isa = XCConfigurationList;
			buildConfigurations = (
				D54A74B1245FB65F00D9C817 /* Debug */,
				D54A74B2245FB65F00D9C817 /* Release */,
			);
			defaultConfigurationIsVisible = 0;
			defaultConfigurationName = Release;
		};
		D54A74FF2460DCE700D9C817 /* Build configuration list for PBXNativeTarget "gyazokitUITests" */ = {
			isa = XCConfigurationList;
			buildConfigurations = (
				D54A74FD2460DCE700D9C817 /* Debug */,
				D54A74FE2460DCE700D9C817 /* Release */,
			);
			defaultConfigurationIsVisible = 0;
			defaultConfigurationName = Release;
		};
/* End XCConfigurationList section */

/* Begin XCRemoteSwiftPackageReference section */
		D54A74B3245FC1DD00D9C817 /* XCRemoteSwiftPackageReference "Oauth2" */ = {
			isa = XCRemoteSwiftPackageReference;
			repositoryURL = "https://github.com/p2/Oauth2";
			requirement = {
				kind = upToNextMajorVersion;
				minimumVersion = 5.2.0;
			};
		};
		D54A74B6245FC1EF00D9C817 /* XCRemoteSwiftPackageReference "KeychainAccess" */ = {
			isa = XCRemoteSwiftPackageReference;
			repositoryURL = "https://github.com/kishikawakatsumi/KeychainAccess";
			requirement = {
				kind = upToNextMajorVersion;
				minimumVersion = 4.2.0;
			};
		};
		D54A74DB2460B33600D9C817 /* XCRemoteSwiftPackageReference "SnapKit" */ = {
			isa = XCRemoteSwiftPackageReference;
			repositoryURL = "https://github.com/SnapKit/SnapKit";
			requirement = {
				kind = upToNextMajorVersion;
				minimumVersion = 5.0.1;
			};
		};
		D54A74E02460B3BF00D9C817 /* XCRemoteSwiftPackageReference "Hue" */ = {
			isa = XCRemoteSwiftPackageReference;
			repositoryURL = "https://github.com/zenangst/Hue";
			requirement = {
				kind = upToNextMajorVersion;
				minimumVersion = 5.0.1;
			};
		};
/* End XCRemoteSwiftPackageReference section */

/* Begin XCSwiftPackageProductDependency section */
		D54A74B4245FC1DD00D9C817 /* OAuth2 */ = {
			isa = XCSwiftPackageProductDependency;
			package = D54A74B3245FC1DD00D9C817 /* XCRemoteSwiftPackageReference "Oauth2" */;
			productName = OAuth2;
		};
		D54A74B7245FC1EF00D9C817 /* KeychainAccess */ = {
			isa = XCSwiftPackageProductDependency;
			package = D54A74B6245FC1EF00D9C817 /* XCRemoteSwiftPackageReference "KeychainAccess" */;
			productName = KeychainAccess;
		};
		D54A74DC2460B33600D9C817 /* SnapKit */ = {
			isa = XCSwiftPackageProductDependency;
			package = D54A74DB2460B33600D9C817 /* XCRemoteSwiftPackageReference "SnapKit" */;
			productName = SnapKit;
		};
		D54A74E12460B3BF00D9C817 /* Hue */ = {
			isa = XCSwiftPackageProductDependency;
			package = D54A74E02460B3BF00D9C817 /* XCRemoteSwiftPackageReference "Hue" */;
			productName = Hue;
		};
/* End XCSwiftPackageProductDependency section */

/* Begin XCVersionGroup section */
		D54A7497245FB65A00D9C817 /* gyazokit.xcdatamodeld */ = {
			isa = XCVersionGroup;
			children = (
				D54A7498245FB65A00D9C817 /* gyazokit.xcdatamodel */,
			);
			currentVersion = D54A7498245FB65A00D9C817 /* gyazokit.xcdatamodel */;
			path = gyazokit.xcdatamodeld;
			sourceTree = "<group>";
			versionGroupType = wrapper.xcdatamodel;
		};
/* End XCVersionGroup section */
	};
	rootObject = D54A7483245FB65A00D9C817 /* Project object */;
}
