{
  "object": {
    "pins": [
      {
        "package": "Hue",
        "repositoryURL": "https://github.com/zenangst/Hue",
        "state": {
          "branch": null,
          "revision": "b9d920cee4ba795fefb828d130744eee1e3d2feb",
          "version": "5.0.1"
        }
      },
      {
        "package": "KeychainAccess",
        "repositoryURL": "https://github.com/kishikawakatsumi/KeychainAccess",
        "state": {
          "branch": null,
          "revision": "3d0ea2c0806791abcc5d7f0d9f62f1cfd4a7264d",
          "version": "4.2.0"
        }
      },
      {
        "package": "OAuth2",
        "repositoryURL": "https://github.com/p2/Oauth2",
        "state": {
          "branch": null,
          "revision": "b0c71466176f3d7a22e5da20532c01d78a661f1d",
          "version": "5.2.0"
        }
      },
      {
        "package": "SnapKit",
        "repositoryURL": "https://github.com/SnapKit/SnapKit",
        "state": {
          "branch": null,
          "revision": "d458564516e5676af9c70b4f4b2a9178294f1bc6",
          "version": "5.0.1"
        }
      }
    ]
  },
  "version": 1
}
